
Microsoft Visual Studio Solution File, Format Version 12.00
# Visual Studio Version 17
VisualStudioVersion = 17.12.35527.113 d17.12
MinimumVisualStudioVersion = 10.0.40219.1
Project("{FAE04EC0-301F-11D3-BF4B-00C04F79EFBC}") = "HizliFaturalama", "HizliFaturalama\HizliFaturalama.csproj", "{BDF64BCA-11D0-4691-909A-3E2D184FB201}"
EndProject
Global
	GlobalSection(SolutionConfigurationPlatforms) = preSolution
		Debug|Any CPU = Debug|Any CPU
		Release|Any CPU = Release|Any CPU
	EndGlobalSection
	GlobalSection(ProjectConfigurationPlatforms) = postSolution
		{BDF64BCA-11D0-4691-909A-3E2D184FB201}.Debug|Any CPU.ActiveCfg = Debug|Any CPU
		{BDF64BCA-11D0-4691-909A-3E2D184FB201}.Debug|Any CPU.Build.0 = Debug|Any CPU
		{BDF64BCA-11D0-4691-909A-3E2D184FB201}.Release|Any CPU.ActiveCfg = Release|Any CPU
		{BDF64BCA-11D0-4691-909A-3E2D184FB201}.Release|Any CPU.Build.0 = Release|Any CPU
	EndGlobalSection
	GlobalSection(SolutionProperties) = preSolution
		HideSolutionNode = FALSE
	EndGlobalSection
EndGlobal
